
Microsoft Visual Studio Solution File, Format Version 12.00
# Visual Studio Version 17
VisualStudioVersion = 17.14.36221.1 d17.14
MinimumVisualStudioVersion = 10.0.40219.1
Project("{FAE04EC0-301F-11D3-BF4B-00C04F79EFBC}") = "AutoCAD_SumDim", "AutoCAD_SumDim.csproj", "{27EA213B-0951-426E-B41A-1257C7869E5C}"
EndProject
Global
	GlobalSection(SolutionConfigurationPlatforms) = preSolution
		Debug|x64 = Debug|x64
		Release|x64 = Release|x64
	EndGlobalSection
	GlobalSection(ProjectConfigurationPlatforms) = postSolution
		{27EA213B-0951-426E-B41A-1257C7869E5C}.Debug|x64.ActiveCfg = Debug|x64
		{27EA213B-0951-426E-B41A-1257C7869E5C}.Debug|x64.Build.0 = Debug|x64
		{27EA213B-0951-426E-B41A-1257C7869E5C}.Release|x64.ActiveCfg = Release|x64
		{27EA213B-0951-426E-B41A-1257C7869E5C}.Release|x64.Build.0 = Release|x64
	EndGlobalSection
	GlobalSection(SolutionProperties) = preSolution
		HideSolutionNode = FALSE
	EndGlobalSection
	GlobalSection(ExtensibilityGlobals) = postSolution
		SolutionGuid = {86171CCE-8F15-4A78-A66E-E7C4272CC262}
	EndGlobalSection
EndGlobal
